
Microsoft Visual Studio Solution File, Format Version 12.00
# Visual Studio Version 16
VisualStudioVersion = 16.0.30114.105
MinimumVisualStudioVersion = 10.0.40219.1
Project("{9A19103F-16F7-4668-BE54-9A1E7A4F7556}") = "TanglAnalyzer", "TanglAnalyzer\TanglAnalyzer\TanglAnalyzer.csproj", "{4C3B5F40-22F1-4809-B31F-1BEF9C3713E7}"
EndProject
Project("{9A19103F-16F7-4668-BE54-9A1E7A4F7556}") = "TanglAnalyzer.Test", "TanglAnalyzer\TanglAnalyzer.Test\TanglAnalyzer.Test.csproj", "{AF53D69A-0FC9-4052-873F-2566D0741EDA}"
EndProject
Project("{FAE04EC0-301F-11D3-BF4B-00C04F79EFBC}") = "TanglAnalyzer.Vsix", "TanglAnalyzer\TanglAnalyzer.Vsix\TanglAnalyzer.Vsix.csproj", "{DE3138C1-D274-4457-9513-2174605BC463}"
EndProject
Project("{9A19103F-16F7-4668-BE54-9A1E7A4F7556}") = "Tangl", "Tangl\Tangl.csproj", "{EC1ED341-C690-4103-A278-3E7A1E559E74}"
EndProject
Global
	GlobalSection(SolutionConfigurationPlatforms) = preSolution
		Debug|Any CPU = Debug|Any CPU
		Release|Any CPU = Release|Any CPU
	EndGlobalSection
	GlobalSection(ProjectConfigurationPlatforms) = postSolution
		{4C3B5F40-22F1-4809-B31F-1BEF9C3713E7}.Debug|Any CPU.ActiveCfg = Debug|Any CPU
		{4C3B5F40-22F1-4809-B31F-1BEF9C3713E7}.Debug|Any CPU.Build.0 = Debug|Any CPU
		{4C3B5F40-22F1-4809-B31F-1BEF9C3713E7}.Release|Any CPU.ActiveCfg = Release|Any CPU
		{4C3B5F40-22F1-4809-B31F-1BEF9C3713E7}.Release|Any CPU.Build.0 = Release|Any CPU
		{AF53D69A-0FC9-4052-873F-2566D0741EDA}.Debug|Any CPU.ActiveCfg = Debug|Any CPU
		{AF53D69A-0FC9-4052-873F-2566D0741EDA}.Debug|Any CPU.Build.0 = Debug|Any CPU
		{AF53D69A-0FC9-4052-873F-2566D0741EDA}.Release|Any CPU.ActiveCfg = Release|Any CPU
		{AF53D69A-0FC9-4052-873F-2566D0741EDA}.Release|Any CPU.Build.0 = Release|Any CPU
		{DE3138C1-D274-4457-9513-2174605BC463}.Debug|Any CPU.ActiveCfg = Debug|Any CPU
		{DE3138C1-D274-4457-9513-2174605BC463}.Debug|Any CPU.Build.0 = Debug|Any CPU
		{DE3138C1-D274-4457-9513-2174605BC463}.Release|Any CPU.ActiveCfg = Release|Any CPU
		{DE3138C1-D274-4457-9513-2174605BC463}.Release|Any CPU.Build.0 = Release|Any CPU
		{EC1ED341-C690-4103-A278-3E7A1E559E74}.Debug|Any CPU.ActiveCfg = Debug|Any CPU
		{EC1ED341-C690-4103-A278-3E7A1E559E74}.Debug|Any CPU.Build.0 = Debug|Any CPU
		{EC1ED341-C690-4103-A278-3E7A1E559E74}.Release|Any CPU.ActiveCfg = Release|Any CPU
		{EC1ED341-C690-4103-A278-3E7A1E559E74}.Release|Any CPU.Build.0 = Release|Any CPU
	EndGlobalSection
	GlobalSection(SolutionProperties) = preSolution
		HideSolutionNode = FALSE
	EndGlobalSection
	GlobalSection(ExtensibilityGlobals) = postSolution
		SolutionGuid = {878C9D7F-778C-48F8-B59C-3838A3BE0482}
	EndGlobalSection
EndGlobal
