
Microsoft Visual Studio Solution File, Format Version 12.00
# Visual Studio Version 16
VisualStudioVersion = 16.0.30011.22
MinimumVisualStudioVersion = 10.0.40219.1
Project("{FAE04EC0-301F-11D3-BF4B-00C04F79EFBC}") = "Tangl", "Tangl\Tangl\Tangl.csproj", "{7E371FB0-10F1-4F13-B24A-C6020F81FD3A}"
EndProject
Project("{FAE04EC0-301F-11D3-BF4B-00C04F79EFBC}") = "Tangl.Test", "Tangl\Tangl.Test\Tangl.Test.csproj", "{F94D3E3F-D105-41E1-ABE6-8F05E84972D7}"
EndProject
Project("{FAE04EC0-301F-11D3-BF4B-00C04F79EFBC}") = "Tangl.Vsix", "Tangl\Tangl.Vsix\Tangl.Vsix.csproj", "{DE3138C1-D274-4457-9513-2174605BC463}"
EndProject
Global
	GlobalSection(SolutionConfigurationPlatforms) = preSolution
		Debug|Any CPU = Debug|Any CPU
		Release|Any CPU = Release|Any CPU
	EndGlobalSection
	GlobalSection(ProjectConfigurationPlatforms) = postSolution
		{7E371FB0-10F1-4F13-B24A-C6020F81FD3A}.Debug|Any CPU.ActiveCfg = Debug|Any CPU
		{7E371FB0-10F1-4F13-B24A-C6020F81FD3A}.Debug|Any CPU.Build.0 = Debug|Any CPU
		{7E371FB0-10F1-4F13-B24A-C6020F81FD3A}.Release|Any CPU.ActiveCfg = Release|Any CPU
		{7E371FB0-10F1-4F13-B24A-C6020F81FD3A}.Release|Any CPU.Build.0 = Release|Any CPU
		{F94D3E3F-D105-41E1-ABE6-8F05E84972D7}.Debug|Any CPU.ActiveCfg = Debug|Any CPU
		{F94D3E3F-D105-41E1-ABE6-8F05E84972D7}.Debug|Any CPU.Build.0 = Debug|Any CPU
		{F94D3E3F-D105-41E1-ABE6-8F05E84972D7}.Release|Any CPU.ActiveCfg = Release|Any CPU
		{F94D3E3F-D105-41E1-ABE6-8F05E84972D7}.Release|Any CPU.Build.0 = Release|Any CPU
		{DE3138C1-D274-4457-9513-2174605BC463}.Debug|Any CPU.ActiveCfg = Debug|Any CPU
		{DE3138C1-D274-4457-9513-2174605BC463}.Debug|Any CPU.Build.0 = Debug|Any CPU
		{DE3138C1-D274-4457-9513-2174605BC463}.Release|Any CPU.ActiveCfg = Release|Any CPU
		{DE3138C1-D274-4457-9513-2174605BC463}.Release|Any CPU.Build.0 = Release|Any CPU
	EndGlobalSection
	GlobalSection(SolutionProperties) = preSolution
		HideSolutionNode = FALSE
	EndGlobalSection
	GlobalSection(ExtensibilityGlobals) = postSolution
		SolutionGuid = {102B3536-9BCC-4052-A9EF-B3676FEB4800}
	EndGlobalSection
EndGlobal
